{
  "nodes": {
    "nixpkgs": {
      "locked": {
        "lastModified": 0,
        "narHash": "sha256-yY6hu6IT+OwFrozJSUTkEpR7MoENdLOl/p4YDTluczg=",
        "path": "/nix/store/a1zw271d8391jl9x2r14qfvblwc7cjmj-source",
        "type": "path"
      },
      "original": {
        "id": "nixpkgs",
        "type": "indirect"
      }
    },
    "root": {
      "inputs": {
        "nixpkgs": "nixpkgs"
      }
    }
  },
  "root": "root",
  "version": 7
}
