name: Update Flake Lock

on:
  workflow_dispatch: # Allow manual triggering
  schedule:
    - cron: '0 0 * * *' # Run daily at midnight

jobs:
  update-lockfile:
    runs-on: ubuntu-latest
    permissions:
      contents: write
      pull-requests: write
    steps:
      - name: Checkout repository
        uses: actions/checkout@v4

      - name: Install Nix
        uses: cachix/install-nix-action@v30
        with:
          extra_nix_config: |
            access-tokens = github.com=${{ secrets.GITHUB_TOKEN }}

      - name: Update flake.lock
        run: nix flake update

      - name: Create Pull Request
        uses: peter-evans/create-pull-request@v6
        with:
          token: ${{ secrets.GITHUB_TOKEN }}
          commit-message: "chore: update flake.lock"
          title: "chore: update flake.lock"
          body: |
            Automated update of `flake.lock` via GitHub Actions.
            
            This ensures dependencies are kept up-to-date with upstream.
          branch: "chore/update-flake-lock"
          delete-branch: true
          base: main
