name: Update Flake Lock

on:
  workflow_dispatch: # Allow manual triggering
  schedule:
    - cron: '0 0 * * *' # Run daily at midnight

jobs:
  update-lockfile:
    runs-on: ubuntu-latest
    permissions:
      contents: write
      pull-requests: write
    steps:
      - name: Checkout repository
        uses: actions/checkout@8e8c483db84b4bee98b60c0593521ed34d9990e8 # v6.0.1

      - name: Install Nix
        uses: cachix/install-nix-action@08dcb3a5e62fa31e2da3d490afc4176ef55ecd72 # v30
        with:
          extra_nix_config: |
            access-tokens = github.com=${{ secrets.GITHUB_TOKEN }}

      - name: Update flake.lock
        run: nix flake update

      - name: Create Pull Request
        id: cpr
        uses: peter-evans/create-pull-request@c5a7806660adbe173f04e3e038b0ccdcd758773c # v6.1.0
        with:
          token: ${{ secrets.GITHUB_TOKEN }}
          commit-message: "chore: update flake.lock"
          title: "chore: update flake.lock"
          body: |
            Automated update of `flake.lock` via GitHub Actions.
            
            This ensures dependencies are kept up-to-date with upstream.
          branch: "chore/update-flake-lock"
          delete-branch: true
          base: main

      - name: Enable Pull Request Automerge
        if: steps.cpr.outputs.pull-request-operation == 'created'
        run: gh pr merge --merge --auto "${{ steps.cpr.outputs.pull-request-number }}"
        env:
          GH_TOKEN: ${{ secrets.GITHUB_TOKEN }}
