name: Update Flake Lock

on:
  workflow_dispatch: # Allow manual triggering
  schedule:
    - cron: '0 0 * * *' # Run daily at midnight

jobs:
  update-lockfile:
    runs-on: ubuntu-latest
    permissions:
      contents: write
      pull-requests: write
    steps:
      - name: Checkout repository
        uses: actions/checkout@v4

      - name: Install Nix
        uses: DeterminateSystems/nix-installer-action@main

      - name: Update flake.lock
        uses: DeterminateSystems/update-flake-lock@main
        with:
          pr-title: "chore: update flake.lock"
          pr-labels: |
            dependencies
            automated
          token: ${{ secrets.GITHUB_TOKEN }}